
Microsoft Visual Studio Solution File, Format Version 12.00
# Visual Studio Version 16
VisualStudioVersion = 16.0.29905.134
MinimumVisualStudioVersion = 10.0.40219.1
Project("{FAE04EC0-301F-11D3-BF4B-00C04F79EFBC}") = "UmbrellaWeb", "UmbrellaWeb\UmbrellaWeb.csproj", "{D0D56AB8-0CB3-4BF2-89FB-BC376D6849EF}"
EndProject
Global
	GlobalSection(SolutionConfigurationPlatforms) = preSolution
		Debug|Any CPU = Debug|Any CPU
		Release|Any CPU = Release|Any CPU
	EndGlobalSection
	GlobalSection(ProjectConfigurationPlatforms) = postSolution
		{D0D56AB8-0CB3-4BF2-89FB-BC376D6849EF}.Debug|Any CPU.ActiveCfg = Debug|Any CPU
		{D0D56AB8-0CB3-4BF2-89FB-BC376D6849EF}.Debug|Any CPU.Build.0 = Debug|Any CPU
		{D0D56AB8-0CB3-4BF2-89FB-BC376D6849EF}.Release|Any CPU.ActiveCfg = Release|Any CPU
		{D0D56AB8-0CB3-4BF2-89FB-BC376D6849EF}.Release|Any CPU.Build.0 = Release|Any CPU
	EndGlobalSection
	GlobalSection(SolutionProperties) = preSolution
		HideSolutionNode = FALSE
	EndGlobalSection
	GlobalSection(ExtensibilityGlobals) = postSolution
		SolutionGuid = {B766C09C-C2CF-41DB-BF3D-5389FC568C45}
	EndGlobalSection
EndGlobal
